
Microsoft Visual Studio Solution File, Format Version 12.00
# Visual Studio Version 16
VisualStudioVersion = 16.0.30309.148
MinimumVisualStudioVersion = 10.0.40219.1
Project("{2150E333-8FDC-42A3-9474-1A3956D46DE8}") = "Disclone", "Disclone", "{5A675595-D285-4877-9219-D5D0D94EFBD5}"
EndProject
Project("{2150E333-8FDC-42A3-9474-1A3956D46DE8}") = "Host", "Host", "{BBBC8E95-3E7C-481C-8309-130DBEA10F35}"
EndProject
Project("{FAE04EC0-301F-11D3-BF4B-00C04F79EFBC}") = "Disclone.Host.Api", "Disclone\Host\Disclone.Host.Api\Disclone.Host.Api.csproj", "{BB7AB29E-3738-4B4D-B853-A6F61151A916}"
EndProject
Project("{2150E333-8FDC-42A3-9474-1A3956D46DE8}") = "Core", "Core", "{7A05663F-1669-40AA-B228-4D4B28A87247}"
EndProject
Project("{FAE04EC0-301F-11D3-BF4B-00C04F79EFBC}") = "Reference.Core", "Core\Reference.Core\Reference.Core.csproj", "{5EB771F2-DA89-400C-8514-3D7BE7F79241}"
EndProject
Project("{FAE04EC0-301F-11D3-BF4B-00C04F79EFBC}") = "Disclone.Host.Common", "Disclone\Host\Disclone.Host.Common\Disclone.Host.Common.csproj", "{2B37C1AF-6CF2-4284-88CB-3FB68AF6E3E7}"
EndProject
Project("{FAE04EC0-301F-11D3-BF4B-00C04F79EFBC}") = "Reference.Core.AzureFunctions", "Core\Reference.Core.AzureFunctions\Reference.Core.AzureFunctions.csproj", "{4B9BECC7-92B1-490E-98E8-0F693E60BD5B}"
EndProject
Project("{2150E333-8FDC-42A3-9474-1A3956D46DE8}") = "Data", "Data", "{1B1789A9-5826-436D-BF0D-B29D8DBB3AC7}"
EndProject
Project("{FAE04EC0-301F-11D3-BF4B-00C04F79EFBC}") = "Reference.Data.Cosmos", "Data\Reference.Data.Cosmos\Reference.Data.Cosmos.csproj", "{1724F80C-8A70-48A0-A8B6-7458A3C32230}"
EndProject
Project("{2150E333-8FDC-42A3-9474-1A3956D46DE8}") = "Domain", "Domain", "{F0838392-483F-4979-BDE2-7862D8E51682}"
EndProject
Project("{FAE04EC0-301F-11D3-BF4B-00C04F79EFBC}") = "Disclone.Domain.Api", "Disclone\Domain\Disclone.Domain.Api\Disclone.Domain.Api.csproj", "{B084F97B-4725-427F-88EB-1A424F41D36C}"
EndProject
Global
	GlobalSection(SolutionConfigurationPlatforms) = preSolution
		Debug|Any CPU = Debug|Any CPU
		Release|Any CPU = Release|Any CPU
	EndGlobalSection
	GlobalSection(ProjectConfigurationPlatforms) = postSolution
		{BB7AB29E-3738-4B4D-B853-A6F61151A916}.Debug|Any CPU.ActiveCfg = Debug|Any CPU
		{BB7AB29E-3738-4B4D-B853-A6F61151A916}.Debug|Any CPU.Build.0 = Debug|Any CPU
		{BB7AB29E-3738-4B4D-B853-A6F61151A916}.Release|Any CPU.ActiveCfg = Release|Any CPU
		{BB7AB29E-3738-4B4D-B853-A6F61151A916}.Release|Any CPU.Build.0 = Release|Any CPU
		{5EB771F2-DA89-400C-8514-3D7BE7F79241}.Debug|Any CPU.ActiveCfg = Debug|Any CPU
		{5EB771F2-DA89-400C-8514-3D7BE7F79241}.Debug|Any CPU.Build.0 = Debug|Any CPU
		{5EB771F2-DA89-400C-8514-3D7BE7F79241}.Release|Any CPU.ActiveCfg = Release|Any CPU
		{5EB771F2-DA89-400C-8514-3D7BE7F79241}.Release|Any CPU.Build.0 = Release|Any CPU
		{2B37C1AF-6CF2-4284-88CB-3FB68AF6E3E7}.Debug|Any CPU.ActiveCfg = Debug|Any CPU
		{2B37C1AF-6CF2-4284-88CB-3FB68AF6E3E7}.Debug|Any CPU.Build.0 = Debug|Any CPU
		{2B37C1AF-6CF2-4284-88CB-3FB68AF6E3E7}.Release|Any CPU.ActiveCfg = Release|Any CPU
		{2B37C1AF-6CF2-4284-88CB-3FB68AF6E3E7}.Release|Any CPU.Build.0 = Release|Any CPU
		{4B9BECC7-92B1-490E-98E8-0F693E60BD5B}.Debug|Any CPU.ActiveCfg = Debug|Any CPU
		{4B9BECC7-92B1-490E-98E8-0F693E60BD5B}.Debug|Any CPU.Build.0 = Debug|Any CPU
		{4B9BECC7-92B1-490E-98E8-0F693E60BD5B}.Release|Any CPU.ActiveCfg = Release|Any CPU
		{4B9BECC7-92B1-490E-98E8-0F693E60BD5B}.Release|Any CPU.Build.0 = Release|Any CPU
		{1724F80C-8A70-48A0-A8B6-7458A3C32230}.Debug|Any CPU.ActiveCfg = Debug|Any CPU
		{1724F80C-8A70-48A0-A8B6-7458A3C32230}.Debug|Any CPU.Build.0 = Debug|Any CPU
		{1724F80C-8A70-48A0-A8B6-7458A3C32230}.Release|Any CPU.ActiveCfg = Release|Any CPU
		{1724F80C-8A70-48A0-A8B6-7458A3C32230}.Release|Any CPU.Build.0 = Release|Any CPU
		{B084F97B-4725-427F-88EB-1A424F41D36C}.Debug|Any CPU.ActiveCfg = Debug|Any CPU
		{B084F97B-4725-427F-88EB-1A424F41D36C}.Debug|Any CPU.Build.0 = Debug|Any CPU
		{B084F97B-4725-427F-88EB-1A424F41D36C}.Release|Any CPU.ActiveCfg = Release|Any CPU
		{B084F97B-4725-427F-88EB-1A424F41D36C}.Release|Any CPU.Build.0 = Release|Any CPU
	EndGlobalSection
	GlobalSection(SolutionProperties) = preSolution
		HideSolutionNode = FALSE
	EndGlobalSection
	GlobalSection(NestedProjects) = preSolution
		{BBBC8E95-3E7C-481C-8309-130DBEA10F35} = {5A675595-D285-4877-9219-D5D0D94EFBD5}
		{BB7AB29E-3738-4B4D-B853-A6F61151A916} = {BBBC8E95-3E7C-481C-8309-130DBEA10F35}
		{5EB771F2-DA89-400C-8514-3D7BE7F79241} = {7A05663F-1669-40AA-B228-4D4B28A87247}
		{2B37C1AF-6CF2-4284-88CB-3FB68AF6E3E7} = {BBBC8E95-3E7C-481C-8309-130DBEA10F35}
		{4B9BECC7-92B1-490E-98E8-0F693E60BD5B} = {7A05663F-1669-40AA-B228-4D4B28A87247}
		{1724F80C-8A70-48A0-A8B6-7458A3C32230} = {1B1789A9-5826-436D-BF0D-B29D8DBB3AC7}
		{F0838392-483F-4979-BDE2-7862D8E51682} = {5A675595-D285-4877-9219-D5D0D94EFBD5}
		{B084F97B-4725-427F-88EB-1A424F41D36C} = {F0838392-483F-4979-BDE2-7862D8E51682}
	EndGlobalSection
	GlobalSection(ExtensibilityGlobals) = postSolution
		SolutionGuid = {EC62A685-48B9-48E7-A705-81BA8E4D1E29}
	EndGlobalSection
EndGlobal
